
Microsoft Visual Studio Solution File, Format Version 12.00
# Visual Studio Version 16
VisualStudioVersion = 16.0.30907.101
MinimumVisualStudioVersion = 10.0.40219.1
Project("{9A19103F-16F7-4668-BE54-9A1E7A4F7556}") = "JenkinsCi", "JenkinsCi\JenkinsCi.csproj", "{AFB4A396-5987-4271-BA1E-AA5F1AFF0078}"
EndProject
Project("{FAE04EC0-301F-11D3-BF4B-00C04F79EFBC}") = "JenkinsCi.Test", "JenkinsCi\JenkinsCi.Test\JenkinsCi.Test.csproj", "{F17A009F-C7D1-4A85-854A-54349F3DB115}"
EndProject
Global
	GlobalSection(SolutionConfigurationPlatforms) = preSolution
		Debug|Any CPU = Debug|Any CPU
		Release|Any CPU = Release|Any CPU
	EndGlobalSection
	GlobalSection(ProjectConfigurationPlatforms) = postSolution
		{AFB4A396-5987-4271-BA1E-AA5F1AFF0078}.Debug|Any CPU.ActiveCfg = Debug|Any CPU
		{AFB4A396-5987-4271-BA1E-AA5F1AFF0078}.Debug|Any CPU.Build.0 = Debug|Any CPU
		{AFB4A396-5987-4271-BA1E-AA5F1AFF0078}.Release|Any CPU.ActiveCfg = Release|Any CPU
		{AFB4A396-5987-4271-BA1E-AA5F1AFF0078}.Release|Any CPU.Build.0 = Release|Any CPU
		{F17A009F-C7D1-4A85-854A-54349F3DB115}.Debug|Any CPU.ActiveCfg = Debug|Any CPU
		{F17A009F-C7D1-4A85-854A-54349F3DB115}.Debug|Any CPU.Build.0 = Debug|Any CPU
		{F17A009F-C7D1-4A85-854A-54349F3DB115}.Release|Any CPU.ActiveCfg = Release|Any CPU
		{F17A009F-C7D1-4A85-854A-54349F3DB115}.Release|Any CPU.Build.0 = Release|Any CPU
	EndGlobalSection
	GlobalSection(SolutionProperties) = preSolution
		HideSolutionNode = FALSE
	EndGlobalSection
	GlobalSection(ExtensibilityGlobals) = postSolution
		SolutionGuid = {119CDA57-13BF-4F40-8610-C28809A03862}
	EndGlobalSection
EndGlobal
